
Microsoft Visual Studio Solution File, Format Version 12.00
# Visual Studio 2013
VisualStudioVersion = 12.0.30501.0
MinimumVisualStudioVersion = 10.0.40219.1
Project("{8BC9CEB8-8B4A-11D0-8D11-00A0C91BC942}") = "ImageBasedFacadeReconstruction", "ImageBasedFacadeReconstruction\ImageBasedFacadeReconstruction.vcxproj", "{56230B87-5B41-4F9B-9CBD-C0D2310CAFA7}"
EndProject
Project("{8BC9CEB8-8B4A-11D0-8D11-00A0C91BC942}") = "Test1", "Test1\Test1.vcxproj", "{CD1290CE-96F7-4949-BFD8-5DA9D7E04268}"
EndProject
Project("{8BC9CEB8-8B4A-11D0-8D11-00A0C91BC942}") = "Test2", "Test2\Test2.vcxproj", "{EB7DE0BB-947E-4BC5-AD11-54CFA46AB58F}"
EndProject
Project("{8BC9CEB8-8B4A-11D0-8D11-00A0C91BC942}") = "Test3", "Test3\Test3.vcxproj", "{466D1288-5259-481D-A7F8-22D9419A03AE}"
EndProject
Project("{8BC9CEB8-8B4A-11D0-8D11-00A0C91BC942}") = "Test4", "Test4\Test4.vcxproj", "{32E033D9-301C-4964-BC85-A8D68F66E741}"
EndProject
Project("{8BC9CEB8-8B4A-11D0-8D11-00A0C91BC942}") = "Test5", "Test5\Test5.vcxproj", "{65577158-63E8-49AE-A08A-73649F587E06}"
EndProject
Project("{8BC9CEB8-8B4A-11D0-8D11-00A0C91BC942}") = "Test6", "Test6\Test6.vcxproj", "{490B79D7-C31F-458A-9A22-32B596944344}"
EndProject
Project("{8BC9CEB8-8B4A-11D0-8D11-00A0C91BC942}") = "Test7", "Test7\Test7.vcxproj", "{264A71DF-1765-4463-B7C6-769E586D4802}"
EndProject
Project("{8BC9CEB8-8B4A-11D0-8D11-00A0C91BC942}") = "Test8", "Test8\Test8.vcxproj", "{FE568848-3346-4AB1-9B19-51D5D9C6E560}"
EndProject
Global
	GlobalSection(SolutionConfigurationPlatforms) = preSolution
		Debug|Mixed Platforms = Debug|Mixed Platforms
		Debug|Win32 = Debug|Win32
		Debug|x64 = Debug|x64
		Release|Mixed Platforms = Release|Mixed Platforms
		Release|Win32 = Release|Win32
		Release|x64 = Release|x64
	EndGlobalSection
	GlobalSection(ProjectConfigurationPlatforms) = postSolution
		{56230B87-5B41-4F9B-9CBD-C0D2310CAFA7}.Debug|Mixed Platforms.ActiveCfg = Debug|Win32
		{56230B87-5B41-4F9B-9CBD-C0D2310CAFA7}.Debug|Mixed Platforms.Build.0 = Debug|Win32
		{56230B87-5B41-4F9B-9CBD-C0D2310CAFA7}.Debug|Win32.ActiveCfg = Debug|Win32
		{56230B87-5B41-4F9B-9CBD-C0D2310CAFA7}.Debug|Win32.Build.0 = Debug|Win32
		{56230B87-5B41-4F9B-9CBD-C0D2310CAFA7}.Debug|x64.ActiveCfg = Debug|x64
		{56230B87-5B41-4F9B-9CBD-C0D2310CAFA7}.Debug|x64.Build.0 = Debug|x64
		{56230B87-5B41-4F9B-9CBD-C0D2310CAFA7}.Release|Mixed Platforms.ActiveCfg = Release|Win32
		{56230B87-5B41-4F9B-9CBD-C0D2310CAFA7}.Release|Mixed Platforms.Build.0 = Release|Win32
		{56230B87-5B41-4F9B-9CBD-C0D2310CAFA7}.Release|Win32.ActiveCfg = Release|Win32
		{56230B87-5B41-4F9B-9CBD-C0D2310CAFA7}.Release|Win32.Build.0 = Release|Win32
		{56230B87-5B41-4F9B-9CBD-C0D2310CAFA7}.Release|x64.ActiveCfg = Release|x64
		{56230B87-5B41-4F9B-9CBD-C0D2310CAFA7}.Release|x64.Build.0 = Release|x64
		{CD1290CE-96F7-4949-BFD8-5DA9D7E04268}.Debug|Mixed Platforms.ActiveCfg = Debug|Win32
		{CD1290CE-96F7-4949-BFD8-5DA9D7E04268}.Debug|Mixed Platforms.Build.0 = Debug|Win32
		{CD1290CE-96F7-4949-BFD8-5DA9D7E04268}.Debug|Win32.ActiveCfg = Debug|Win32
		{CD1290CE-96F7-4949-BFD8-5DA9D7E04268}.Debug|Win32.Build.0 = Debug|Win32
		{CD1290CE-96F7-4949-BFD8-5DA9D7E04268}.Debug|x64.ActiveCfg = Debug|x64
		{CD1290CE-96F7-4949-BFD8-5DA9D7E04268}.Debug|x64.Build.0 = Debug|x64
		{CD1290CE-96F7-4949-BFD8-5DA9D7E04268}.Release|Mixed Platforms.ActiveCfg = Release|Win32
		{CD1290CE-96F7-4949-BFD8-5DA9D7E04268}.Release|Mixed Platforms.Build.0 = Release|Win32
		{CD1290CE-96F7-4949-BFD8-5DA9D7E04268}.Release|Win32.ActiveCfg = Release|Win32
		{CD1290CE-96F7-4949-BFD8-5DA9D7E04268}.Release|Win32.Build.0 = Release|Win32
		{CD1290CE-96F7-4949-BFD8-5DA9D7E04268}.Release|x64.ActiveCfg = Release|x64
		{CD1290CE-96F7-4949-BFD8-5DA9D7E04268}.Release|x64.Build.0 = Release|x64
		{EB7DE0BB-947E-4BC5-AD11-54CFA46AB58F}.Debug|Mixed Platforms.ActiveCfg = Debug|Win32
		{EB7DE0BB-947E-4BC5-AD11-54CFA46AB58F}.Debug|Mixed Platforms.Build.0 = Debug|Win32
		{EB7DE0BB-947E-4BC5-AD11-54CFA46AB58F}.Debug|Win32.ActiveCfg = Debug|Win32
		{EB7DE0BB-947E-4BC5-AD11-54CFA46AB58F}.Debug|Win32.Build.0 = Debug|Win32
		{EB7DE0BB-947E-4BC5-AD11-54CFA46AB58F}.Debug|x64.ActiveCfg = Debug|x64
		{EB7DE0BB-947E-4BC5-AD11-54CFA46AB58F}.Debug|x64.Build.0 = Debug|x64
		{EB7DE0BB-947E-4BC5-AD11-54CFA46AB58F}.Release|Mixed Platforms.ActiveCfg = Release|Win32
		{EB7DE0BB-947E-4BC5-AD11-54CFA46AB58F}.Release|Mixed Platforms.Build.0 = Release|Win32
		{EB7DE0BB-947E-4BC5-AD11-54CFA46AB58F}.Release|Win32.ActiveCfg = Release|Win32
		{EB7DE0BB-947E-4BC5-AD11-54CFA46AB58F}.Release|Win32.Build.0 = Release|Win32
		{EB7DE0BB-947E-4BC5-AD11-54CFA46AB58F}.Release|x64.ActiveCfg = Release|x64
		{EB7DE0BB-947E-4BC5-AD11-54CFA46AB58F}.Release|x64.Build.0 = Release|x64
		{466D1288-5259-481D-A7F8-22D9419A03AE}.Debug|Mixed Platforms.ActiveCfg = Debug|Win32
		{466D1288-5259-481D-A7F8-22D9419A03AE}.Debug|Mixed Platforms.Build.0 = Debug|Win32
		{466D1288-5259-481D-A7F8-22D9419A03AE}.Debug|Win32.ActiveCfg = Debug|Win32
		{466D1288-5259-481D-A7F8-22D9419A03AE}.Debug|Win32.Build.0 = Debug|Win32
		{466D1288-5259-481D-A7F8-22D9419A03AE}.Debug|x64.ActiveCfg = Debug|x64
		{466D1288-5259-481D-A7F8-22D9419A03AE}.Debug|x64.Build.0 = Debug|x64
		{466D1288-5259-481D-A7F8-22D9419A03AE}.Release|Mixed Platforms.ActiveCfg = Release|Win32
		{466D1288-5259-481D-A7F8-22D9419A03AE}.Release|Mixed Platforms.Build.0 = Release|Win32
		{466D1288-5259-481D-A7F8-22D9419A03AE}.Release|Win32.ActiveCfg = Release|Win32
		{466D1288-5259-481D-A7F8-22D9419A03AE}.Release|Win32.Build.0 = Release|Win32
		{466D1288-5259-481D-A7F8-22D9419A03AE}.Release|x64.ActiveCfg = Release|x64
		{466D1288-5259-481D-A7F8-22D9419A03AE}.Release|x64.Build.0 = Release|x64
		{32E033D9-301C-4964-BC85-A8D68F66E741}.Debug|Mixed Platforms.ActiveCfg = Debug|Win32
		{32E033D9-301C-4964-BC85-A8D68F66E741}.Debug|Mixed Platforms.Build.0 = Debug|Win32
		{32E033D9-301C-4964-BC85-A8D68F66E741}.Debug|Win32.ActiveCfg = Debug|Win32
		{32E033D9-301C-4964-BC85-A8D68F66E741}.Debug|Win32.Build.0 = Debug|Win32
		{32E033D9-301C-4964-BC85-A8D68F66E741}.Debug|x64.ActiveCfg = Debug|x64
		{32E033D9-301C-4964-BC85-A8D68F66E741}.Debug|x64.Build.0 = Debug|x64
		{32E033D9-301C-4964-BC85-A8D68F66E741}.Release|Mixed Platforms.ActiveCfg = Release|Win32
		{32E033D9-301C-4964-BC85-A8D68F66E741}.Release|Mixed Platforms.Build.0 = Release|Win32
		{32E033D9-301C-4964-BC85-A8D68F66E741}.Release|Win32.ActiveCfg = Release|Win32
		{32E033D9-301C-4964-BC85-A8D68F66E741}.Release|Win32.Build.0 = Release|Win32
		{32E033D9-301C-4964-BC85-A8D68F66E741}.Release|x64.ActiveCfg = Release|x64
		{32E033D9-301C-4964-BC85-A8D68F66E741}.Release|x64.Build.0 = Release|x64
		{65577158-63E8-49AE-A08A-73649F587E06}.Debug|Mixed Platforms.ActiveCfg = Debug|Win32
		{65577158-63E8-49AE-A08A-73649F587E06}.Debug|Mixed Platforms.Build.0 = Debug|Win32
		{65577158-63E8-49AE-A08A-73649F587E06}.Debug|Win32.ActiveCfg = Debug|Win32
		{65577158-63E8-49AE-A08A-73649F587E06}.Debug|Win32.Build.0 = Debug|Win32
		{65577158-63E8-49AE-A08A-73649F587E06}.Debug|x64.ActiveCfg = Debug|x64
		{65577158-63E8-49AE-A08A-73649F587E06}.Debug|x64.Build.0 = Debug|x64
		{65577158-63E8-49AE-A08A-73649F587E06}.Release|Mixed Platforms.ActiveCfg = Release|Win32
		{65577158-63E8-49AE-A08A-73649F587E06}.Release|Mixed Platforms.Build.0 = Release|Win32
		{65577158-63E8-49AE-A08A-73649F587E06}.Release|Win32.ActiveCfg = Release|Win32
		{65577158-63E8-49AE-A08A-73649F587E06}.Release|Win32.Build.0 = Release|Win32
		{65577158-63E8-49AE-A08A-73649F587E06}.Release|x64.ActiveCfg = Release|x64
		{65577158-63E8-49AE-A08A-73649F587E06}.Release|x64.Build.0 = Release|x64
		{490B79D7-C31F-458A-9A22-32B596944344}.Debug|Mixed Platforms.ActiveCfg = Debug|Win32
		{490B79D7-C31F-458A-9A22-32B596944344}.Debug|Mixed Platforms.Build.0 = Debug|Win32
		{490B79D7-C31F-458A-9A22-32B596944344}.Debug|Win32.ActiveCfg = Debug|Win32
		{490B79D7-C31F-458A-9A22-32B596944344}.Debug|Win32.Build.0 = Debug|Win32
		{490B79D7-C31F-458A-9A22-32B596944344}.Debug|x64.ActiveCfg = Debug|x64
		{490B79D7-C31F-458A-9A22-32B596944344}.Debug|x64.Build.0 = Debug|x64
		{490B79D7-C31F-458A-9A22-32B596944344}.Release|Mixed Platforms.ActiveCfg = Release|Win32
		{490B79D7-C31F-458A-9A22-32B596944344}.Release|Mixed Platforms.Build.0 = Release|Win32
		{490B79D7-C31F-458A-9A22-32B596944344}.Release|Win32.ActiveCfg = Release|Win32
		{490B79D7-C31F-458A-9A22-32B596944344}.Release|Win32.Build.0 = Release|Win32
		{490B79D7-C31F-458A-9A22-32B596944344}.Release|x64.ActiveCfg = Release|x64
		{490B79D7-C31F-458A-9A22-32B596944344}.Release|x64.Build.0 = Release|x64
		{264A71DF-1765-4463-B7C6-769E586D4802}.Debug|Mixed Platforms.ActiveCfg = Debug|Win32
		{264A71DF-1765-4463-B7C6-769E586D4802}.Debug|Mixed Platforms.Build.0 = Debug|Win32
		{264A71DF-1765-4463-B7C6-769E586D4802}.Debug|Win32.ActiveCfg = Debug|Win32
		{264A71DF-1765-4463-B7C6-769E586D4802}.Debug|Win32.Build.0 = Debug|Win32
		{264A71DF-1765-4463-B7C6-769E586D4802}.Debug|x64.ActiveCfg = Debug|x64
		{264A71DF-1765-4463-B7C6-769E586D4802}.Debug|x64.Build.0 = Debug|x64
		{264A71DF-1765-4463-B7C6-769E586D4802}.Release|Mixed Platforms.ActiveCfg = Release|Win32
		{264A71DF-1765-4463-B7C6-769E586D4802}.Release|Mixed Platforms.Build.0 = Release|Win32
		{264A71DF-1765-4463-B7C6-769E586D4802}.Release|Win32.ActiveCfg = Release|Win32
		{264A71DF-1765-4463-B7C6-769E586D4802}.Release|Win32.Build.0 = Release|Win32
		{264A71DF-1765-4463-B7C6-769E586D4802}.Release|x64.ActiveCfg = Release|x64
		{264A71DF-1765-4463-B7C6-769E586D4802}.Release|x64.Build.0 = Release|x64
		{FE568848-3346-4AB1-9B19-51D5D9C6E560}.Debug|Mixed Platforms.ActiveCfg = Debug|Win32
		{FE568848-3346-4AB1-9B19-51D5D9C6E560}.Debug|Mixed Platforms.Build.0 = Debug|Win32
		{FE568848-3346-4AB1-9B19-51D5D9C6E560}.Debug|Win32.ActiveCfg = Debug|Win32
		{FE568848-3346-4AB1-9B19-51D5D9C6E560}.Debug|Win32.Build.0 = Debug|Win32
		{FE568848-3346-4AB1-9B19-51D5D9C6E560}.Debug|x64.ActiveCfg = Debug|x64
		{FE568848-3346-4AB1-9B19-51D5D9C6E560}.Debug|x64.Build.0 = Debug|x64
		{FE568848-3346-4AB1-9B19-51D5D9C6E560}.Release|Mixed Platforms.ActiveCfg = Release|Win32
		{FE568848-3346-4AB1-9B19-51D5D9C6E560}.Release|Mixed Platforms.Build.0 = Release|Win32
		{FE568848-3346-4AB1-9B19-51D5D9C6E560}.Release|Win32.ActiveCfg = Release|Win32
		{FE568848-3346-4AB1-9B19-51D5D9C6E560}.Release|Win32.Build.0 = Release|Win32
		{FE568848-3346-4AB1-9B19-51D5D9C6E560}.Release|x64.ActiveCfg = Release|x64
		{FE568848-3346-4AB1-9B19-51D5D9C6E560}.Release|x64.Build.0 = Release|x64
	EndGlobalSection
	GlobalSection(SolutionProperties) = preSolution
		HideSolutionNode = FALSE
	EndGlobalSection
EndGlobal
